
Microsoft Visual Studio Solution File, Format Version 12.00
# Visual Studio Version 17
VisualStudioVersion = 17.14.36202.13
MinimumVisualStudioVersion = 10.0.40219.1
Project("{FAE04EC0-301F-11D3-BF4B-00C04F79EFBC}") = "DataTablesReloading", "DataTablesReloading\DataTablesReloading.csproj", "{4071A6D2-0B21-4B7C-A11A-84EB2E6444A2}"
EndProject
Global
	GlobalSection(SolutionConfigurationPlatforms) = preSolution
		Debug|Any CPU = Debug|Any CPU
		Release|Any CPU = Release|Any CPU
	EndGlobalSection
	GlobalSection(ProjectConfigurationPlatforms) = postSolution
		{4071A6D2-0B21-4B7C-A11A-84EB2E6444A2}.Debug|Any CPU.ActiveCfg = Debug|Any CPU
		{4071A6D2-0B21-4B7C-A11A-84EB2E6444A2}.Debug|Any CPU.Build.0 = Debug|Any CPU
		{4071A6D2-0B21-4B7C-A11A-84EB2E6444A2}.Release|Any CPU.ActiveCfg = Release|Any CPU
		{4071A6D2-0B21-4B7C-A11A-84EB2E6444A2}.Release|Any CPU.Build.0 = Release|Any CPU
	EndGlobalSection
	GlobalSection(SolutionProperties) = preSolution
		HideSolutionNode = FALSE
	EndGlobalSection
	GlobalSection(ExtensibilityGlobals) = postSolution
		SolutionGuid = {C0DA36FD-362F-48C7-8ACE-9452E3A5F086}
	EndGlobalSection
EndGlobal
